# This file is automatically @generated by Cargo.
# It is not intended for manual editing.
version = 4

[[package]]
name = "bitflags"
version = "2.11.0"
source = "registry+https://github.com/rust-lang/crates.io-index"
checksum = "843867be96c8daad0d758b57df9392b6d8d271134fce549de6ce169ff98a92af"

[[package]]
name = "cfg-if"
version = "1.0.4"
source = "registry+https://github.com/rust-lang/crates.io-index"
checksum = "9330f8b2ff13f34540b44e946ef35111825727b38d33286ef986142615121801"

[[package]]
name = "cpp_demangle"
version = "0.5.1"
source = "registry+https://github.com/rust-lang/crates.io-index"
checksum = "0667304c32ea56cb4cd6d2d7c0cfe9a2f8041229db8c033af7f8d69492429def"
dependencies = [
 "cfg-if",
]

[[package]]
name = "itoa"
version = "1.0.17"
source = "registry+https://github.com/rust-lang/crates.io-index"
checksum = "92ecc6618181def0457392ccd0ee51198e065e016d1d527a7ac1b6dc7c1f09d2"

[[package]]
name = "msvc-demangler"
version = "0.11.0"
source = "registry+https://github.com/rust-lang/crates.io-index"
checksum = "fbeff6bd154a309b2ada5639b2661ca6ae4599b34e8487dc276d2cd637da2d76"
dependencies = [
 "bitflags",
 "itoa",
]

[[package]]
name = "razgad"
version = "0.1.0"
dependencies = [
 "cpp_demangle",
 "msvc-demangler",
 "rustc-demangle",
 "swift-demangle",
]

[[package]]
name = "rustc-demangle"
version = "0.1.27"
source = "registry+https://github.com/rust-lang/crates.io-index"
checksum = "b50b8869d9fc858ce7266cce0194bd74df58b9d0e3f6df3a9fc8eb470d95c09d"

[[package]]
name = "swift-demangle"
version = "0.0.2"
source = "registry+https://github.com/rust-lang/crates.io-index"
checksum = "821c4d169ba8906dd34a61e5310ff9fac7337f30a539715a7cb0d7caab0fa205"
